{
  "name": "tea-testnet-project",
  "lockfileVersion": 2,
  "requires": true,
  "packages": {
    "": {
      "dependencies": {
        "create-npm-package-scaffold": "^1.3.4"
      }
    },
    "node_modules/create-npm-package-scaffold": {
      "version": "1.3.4",
      "resolved": "https://registry.npmjs.org/create-npm-package-scaffold/-/create-npm-package-scaffold-1.3.4.tgz",
      "integrity": "sha512-w9YrKwYgYXY/SgJdov+AAj0z9JGaPmxCq6F9d1zTDNuz/B9+XVoCNoFBM6c0RGexwhK8JKooEgVqiPFTNw3HxQ=="
    }
  },
  "dependencies": {
    "create-npm-package-scaffold": {
      "version": "1.3.4",
      "resolved": "https://registry.npmjs.org/create-npm-package-scaffold/-/create-npm-package-scaffold-1.3.4.tgz",
      "integrity": "sha512-w9YrKwYgYXY/SgJdov+AAj0z9JGaPmxCq6F9d1zTDNuz/B9+XVoCNoFBM6c0RGexwhK8JKooEgVqiPFTNw3HxQ=="
    }
  }
}
